// !$*UTF8*$!
{
	archiveVersion = 1;
	classes = {
	};
	objectVersion = 56;
	objects = {

/* Begin PBXBuildFile section */
		FB09DD1F29ECE1CC000EEE35 /* Mission.swift in Sources */ = {isa = PBXBuildFile; fileRef = FB09DD1E29ECE1CC000EEE35 /* Mission.swift */; };
		FB09DD2129ECF35A000EEE35 /* Color-Theme.swift in Sources */ = {isa = PBXBuildFile; fileRef = FB09DD2029ECF35A000EEE35 /* Color-Theme.swift */; };
		FB2E7E6129D3DE4E00D8E115 /* MoonShotApp.swift in Sources */ = {isa = PBXBuildFile; fileRef = FB2E7E6029D3DE4E00D8E115 /* MoonShotApp.swift */; };
		FB2E7E6329D3DE4E00D8E115 /* ContentView.swift in Sources */ = {isa = PBXBuildFile; fileRef = FB2E7E6229D3DE4E00D8E115 /* ContentView.swift */; };
		FB2E7E6529D3DE5000D8E115 /* Assets.xcassets in Resources */ = {isa = PBXBuildFile; fileRef = FB2E7E6429D3DE5000D8E115 /* Assets.xcassets */; };
		FB2E7E6829D3DE5000D8E115 /* Preview Assets.xcassets in Resources */ = {isa = PBXBuildFile; fileRef = FB2E7E6729D3DE5000D8E115 /* Preview Assets.xcassets */; };
		FB2E7E6F29D4135F00D8E115 /* astronauts.json in Resources */ = {isa = PBXBuildFile; fileRef = FB2E7E6E29D4135E00D8E115 /* astronauts.json */; };
		FB2E7E7129D4136800D8E115 /* missions.json in Resources */ = {isa = PBXBuildFile; fileRef = FB2E7E7029D4136800D8E115 /* missions.json */; };
		FB2E7E7329D417B700D8E115 /* Astronaut.swift in Sources */ = {isa = PBXBuildFile; fileRef = FB2E7E7229D417B700D8E115 /* Astronaut.swift */; };
		FB2E7E7529D418EA00D8E115 /* Bundle-Decodable.swift in Sources */ = {isa = PBXBuildFile; fileRef = FB2E7E7429D418EA00D8E115 /* Bundle-Decodable.swift */; };
		FBEE222E29EDDAAB00DFCE30 /* MissionView.swift in Sources */ = {isa = PBXBuildFile; fileRef = FBEE222D29EDDAAA00DFCE30 /* MissionView.swift */; };
		FBEE223029EFBA1C00DFCE30 /* AstronautView.swift in Sources */ = {isa = PBXBuildFile; fileRef = FBEE222F29EFBA1C00DFCE30 /* AstronautView.swift */; };
/* End PBXBuildFile section */

/* Begin PBXFileReference section */
		FB09DD1E29ECE1CC000EEE35 /* Mission.swift */ = {isa = PBXFileReference; lastKnownFileType = sourcecode.swift; path = Mission.swift; sourceTree = "<group>"; };
		FB09DD2029ECF35A000EEE35 /* Color-Theme.swift */ = {isa = PBXFileReference; lastKnownFileType = sourcecode.swift; path = "Color-Theme.swift"; sourceTree = "<group>"; };
		FB2E7E5D29D3DE4E00D8E115 /* MoonShot.app */ = {isa = PBXFileReference; explicitFileType = wrapper.application; includeInIndex = 0; path = MoonShot.app; sourceTree = BUILT_PRODUCTS_DIR; };
		FB2E7E6029D3DE4E00D8E115 /* MoonShotApp.swift */ = {isa = PBXFileReference; lastKnownFileType = sourcecode.swift; path = MoonShotApp.swift; sourceTree = "<group>"; };
		FB2E7E6229D3DE4E00D8E115 /* ContentView.swift */ = {isa = PBXFileReference; lastKnownFileType = sourcecode.swift; path = ContentView.swift; sourceTree = "<group>"; };
		FB2E7E6429D3DE5000D8E115 /* Assets.xcassets */ = {isa = PBXFileReference; lastKnownFileType = folder.assetcatalog; path = Assets.xcassets; sourceTree = "<group>"; };
		FB2E7E6729D3DE5000D8E115 /* Preview Assets.xcassets */ = {isa = PBXFileReference; lastKnownFileType = folder.assetcatalog; path = "Preview Assets.xcassets"; sourceTree = "<group>"; };
		FB2E7E6E29D4135E00D8E115 /* astronauts.json */ = {isa = PBXFileReference; fileEncoding = 4; lastKnownFileType = text.json; path = astronauts.json; sourceTree = "<group>"; };
		FB2E7E7029D4136800D8E115 /* missions.json */ = {isa = PBXFileReference; fileEncoding = 4; lastKnownFileType = text.json; path = missions.json; sourceTree = "<group>"; };
		FB2E7E7229D417B700D8E115 /* Astronaut.swift */ = {isa = PBXFileReference; lastKnownFileType = sourcecode.swift; path = Astronaut.swift; sourceTree = "<group>"; };
		FB2E7E7429D418EA00D8E115 /* Bundle-Decodable.swift */ = {isa = PBXFileReference; lastKnownFileType = sourcecode.swift; path = "Bundle-Decodable.swift"; sourceTree = "<group>"; };
		FBEE222D29EDDAAA00DFCE30 /* MissionView.swift */ = {isa = PBXFileReference; lastKnownFileType = sourcecode.swift; path = MissionView.swift; sourceTree = "<group>"; };
		FBEE222F29EFBA1C00DFCE30 /* AstronautView.swift */ = {isa = PBXFileReference; lastKnownFileType = sourcecode.swift; path = AstronautView.swift; sourceTree = "<group>"; };
/* End PBXFileReference section */

/* Begin PBXFrameworksBuildPhase section */
		FB2E7E5A29D3DE4E00D8E115 /* Frameworks */ = {
			isa = PBXFrameworksBuildPhase;
			buildActionMask = 2147483647;
			files = (
			);
			runOnlyForDeploymentPostprocessing = 0;
		};
/* End PBXFrameworksBuildPhase section */

/* Begin PBXGroup section */
		FB2E7E5429D3DE4E00D8E115 = {
			isa = PBXGroup;
			children = (
				FB2E7E5F29D3DE4E00D8E115 /* MoonShot */,
				FB2E7E5E29D3DE4E00D8E115 /* Products */,
			);
			sourceTree = "<group>";
		};
		FB2E7E5E29D3DE4E00D8E115 /* Products */ = {
			isa = PBXGroup;
			children = (
				FB2E7E5D29D3DE4E00D8E115 /* MoonShot.app */,
			);
			name = Products;
			sourceTree = "<group>";
		};
		FB2E7E5F29D3DE4E00D8E115 /* MoonShot */ = {
			isa = PBXGroup;
			children = (
				FB2E7E6029D3DE4E00D8E115 /* MoonShotApp.swift */,
				FB2E7E6229D3DE4E00D8E115 /* ContentView.swift */,
				FBEE222D29EDDAAA00DFCE30 /* MissionView.swift */,
				FBEE222F29EFBA1C00DFCE30 /* AstronautView.swift */,
				FB09DD2029ECF35A000EEE35 /* Color-Theme.swift */,
				FB2E7E7229D417B700D8E115 /* Astronaut.swift */,
				FB09DD1E29ECE1CC000EEE35 /* Mission.swift */,
				FB2E7E7429D418EA00D8E115 /* Bundle-Decodable.swift */,
				FB2E7E6E29D4135E00D8E115 /* astronauts.json */,
				FB2E7E7029D4136800D8E115 /* missions.json */,
				FB2E7E6429D3DE5000D8E115 /* Assets.xcassets */,
				FB2E7E6629D3DE5000D8E115 /* Preview Content */,
			);
			path = MoonShot;
			sourceTree = "<group>";
		};
		FB2E7E6629D3DE5000D8E115 /* Preview Content */ = {
			isa = PBXGroup;
			children = (
				FB2E7E6729D3DE5000D8E115 /* Preview Assets.xcassets */,
			);
			path = "Preview Content";
			sourceTree = "<group>";
		};
/* End PBXGroup section */

/* Begin PBXNativeTarget section */
		FB2E7E5C29D3DE4E00D8E115 /* MoonShot */ = {
			isa = PBXNativeTarget;
			buildConfigurationList = FB2E7E6B29D3DE5000D8E115 /* Build configuration list for PBXNativeTarget "MoonShot" */;
			buildPhases = (
				FB2E7E5929D3DE4E00D8E115 /* Sources */,
				FB2E7E5A29D3DE4E00D8E115 /* Frameworks */,
				FB2E7E5B29D3DE4E00D8E115 /* Resources */,
			);
			buildRules = (
			);
			dependencies = (
			);
			name = MoonShot;
			productName = MoonShot;
			productReference = FB2E7E5D29D3DE4E00D8E115 /* MoonShot.app */;
			productType = "com.apple.product-type.application";
		};
/* End PBXNativeTarget section */

/* Begin PBXProject section */
		FB2E7E5529D3DE4E00D8E115 /* Project object */ = {
			isa = PBXProject;
			attributes = {
				BuildIndependentTargetsInParallel = 1;
				LastSwiftUpdateCheck = 1410;
				LastUpgradeCheck = 1410;
				TargetAttributes = {
					FB2E7E5C29D3DE4E00D8E115 = {
						CreatedOnToolsVersion = 14.1;
					};
				};
			};
			buildConfigurationList = FB2E7E5829D3DE4E00D8E115 /* Build configuration list for PBXProject "MoonShot" */;
			compatibilityVersion = "Xcode 14.0";
			developmentRegion = en;
			hasScannedForEncodings = 0;
			knownRegions = (
				en,
				Base,
			);
			mainGroup = FB2E7E5429D3DE4E00D8E115;
			productRefGroup = FB2E7E5E29D3DE4E00D8E115 /* Products */;
			projectDirPath = "";
			projectRoot = "";
			targets = (
				FB2E7E5C29D3DE4E00D8E115 /* MoonShot */,
			);
		};
/* End PBXProject section */

/* Begin PBXResourcesBuildPhase section */
		FB2E7E5B29D3DE4E00D8E115 /* Resources */ = {
			isa = PBXResourcesBuildPhase;
			buildActionMask = 2147483647;
			files = (
				FB2E7E6F29D4135F00D8E115 /* astronauts.json in Resources */,
				FB2E7E6829D3DE5000D8E115 /* Preview Assets.xcassets in Resources */,
				FB2E7E7129D4136800D8E115 /* missions.json in Resources */,
				FB2E7E6529D3DE5000D8E115 /* Assets.xcassets in Resources */,
			);
			runOnlyForDeploymentPostprocessing = 0;
		};
/* End PBXResourcesBuildPhase section */

/* Begin PBXSourcesBuildPhase section */
		FB2E7E5929D3DE4E00D8E115 /* Sources */ = {
			isa = PBXSourcesBuildPhase;
			buildActionMask = 2147483647;
			files = (
				FBEE222E29EDDAAB00DFCE30 /* MissionView.swift in Sources */,
				FB2E7E7329D417B700D8E115 /* Astronaut.swift in Sources */,
				FBEE223029EFBA1C00DFCE30 /* AstronautView.swift in Sources */,
				FB09DD2129ECF35A000EEE35 /* Color-Theme.swift in Sources */,
				FB2E7E6329D3DE4E00D8E115 /* ContentView.swift in Sources */,
				FB2E7E6129D3DE4E00D8E115 /* MoonShotApp.swift in Sources */,
				FB09DD1F29ECE1CC000EEE35 /* Mission.swift in Sources */,
				FB2E7E7529D418EA00D8E115 /* Bundle-Decodable.swift in Sources */,
			);
			runOnlyForDeploymentPostprocessing = 0;
		};
/* End PBXSourcesBuildPhase section */

/* Begin XCBuildConfiguration section */
		FB2E7E6929D3DE5000D8E115 /* Debug */ = {
			isa = XCBuildConfiguration;
			buildSettings = {
				ALWAYS_SEARCH_USER_PATHS = NO;
				CLANG_ANALYZER_NONNULL = YES;
				CLANG_ANALYZER_NUMBER_OBJECT_CONVERSION = YES_AGGRESSIVE;
				CLANG_CXX_LANGUAGE_STANDARD = "gnu++20";
				CLANG_ENABLE_MODULES = YES;
				CLANG_ENABLE_OBJC_ARC = YES;
				CLANG_ENABLE_OBJC_WEAK = YES;
				CLANG_WARN_BLOCK_CAPTURE_AUTORELEASING = YES;
				CLANG_WARN_BOOL_CONVERSION = YES;
				CLANG_WARN_COMMA = YES;
				CLANG_WARN_CONSTANT_CONVERSION = YES;
				CLANG_WARN_DEPRECATED_OBJC_IMPLEMENTATIONS = YES;
				CLANG_WARN_DIRECT_OBJC_ISA_USAGE = YES_ERROR;
				CLANG_WARN_DOCUMENTATION_COMMENTS = YES;
				CLANG_WARN_EMPTY_BODY = YES;
				CLANG_WARN_ENUM_CONVERSION = YES;
				CLANG_WARN_INFINITE_RECURSION = YES;
				CLANG_WARN_INT_CONVERSION = YES;
				CLANG_WARN_NON_LITERAL_NULL_CONVERSION = YES;
				CLANG_WARN_OBJC_IMPLICIT_RETAIN_SELF = YES;
				CLANG_WARN_OBJC_LITERAL_CONVERSION = YES;
				CLANG_WARN_OBJC_ROOT_CLASS = YES_ERROR;
				CLANG_WARN_QUOTED_INCLUDE_IN_FRAMEWORK_HEADER = YES;
				CLANG_WARN_RANGE_LOOP_ANALYSIS = YES;
				CLANG_WARN_STRICT_PROTOTYPES = YES;
				CLANG_WARN_SUSPICIOUS_MOVE = YES;
				CLANG_WARN_UNGUARDED_AVAILABILITY = YES_AGGRESSIVE;
				CLANG_WARN_UNREACHABLE_CODE = YES;
				CLANG_WARN__DUPLICATE_METHOD_MATCH = YES;
				COPY_PHASE_STRIP = NO;
				DEBUG_INFORMATION_FORMAT = dwarf;
				ENABLE_STRICT_OBJC_MSGSEND = YES;
				ENABLE_TESTABILITY = YES;
				GCC_C_LANGUAGE_STANDARD = gnu11;
				GCC_DYNAMIC_NO_PIC = NO;
				GCC_NO_COMMON_BLOCKS = YES;
				GCC_OPTIMIZATION_LEVEL = 0;
				GCC_PREPROCESSOR_DEFINITIONS = (
					"DEBUG=1",
					"$(inherited)",
				);
				GCC_WARN_64_TO_32_BIT_CONVERSION = YES;
				GCC_WARN_ABOUT_RETURN_TYPE = YES_ERROR;
				GCC_WARN_UNDECLARED_SELECTOR = YES;
				GCC_WARN_UNINITIALIZED_AUTOS = YES_AGGRESSIVE;
				GCC_WARN_UNUSED_FUNCTION = YES;
				GCC_WARN_UNUSED_VARIABLE = YES;
				IPHONEOS_DEPLOYMENT_TARGET = 16.1;
				MTL_ENABLE_DEBUG_INFO = INCLUDE_SOURCE;
				MTL_FAST_MATH = YES;
				ONLY_ACTIVE_ARCH = YES;
				SDKROOT = iphoneos;
				SWIFT_ACTIVE_COMPILATION_CONDITIONS = DEBUG;
				SWIFT_OPTIMIZATION_LEVEL = "-Onone";
			};
			name = Debug;
		};
		FB2E7E6A29D3DE5000D8E115 /* Release */ = {
			isa = XCBuildConfiguration;
			buildSettings = {
				ALWAYS_SEARCH_USER_PATHS = NO;
				CLANG_ANALYZER_NONNULL = YES;
				CLANG_ANALYZER_NUMBER_OBJECT_CONVERSION = YES_AGGRESSIVE;
				CLANG_CXX_LANGUAGE_STANDARD = "gnu++20";
				CLANG_ENABLE_MODULES = YES;
				CLANG_ENABLE_OBJC_ARC = YES;
				CLANG_ENABLE_OBJC_WEAK = YES;
				CLANG_WARN_BLOCK_CAPTURE_AUTORELEASING = YES;
				CLANG_WARN_BOOL_CONVERSION = YES;
				CLANG_WARN_COMMA = YES;
				CLANG_WARN_CONSTANT_CONVERSION = YES;
				CLANG_WARN_DEPRECATED_OBJC_IMPLEMENTATIONS = YES;
				CLANG_WARN_DIRECT_OBJC_ISA_USAGE = YES_ERROR;
				CLANG_WARN_DOCUMENTATION_COMMENTS = YES;
				CLANG_WARN_EMPTY_BODY = YES;
				CLANG_WARN_ENUM_CONVERSION = YES;
				CLANG_WARN_INFINITE_RECURSION = YES;
				CLANG_WARN_INT_CONVERSION = YES;
				CLANG_WARN_NON_LITERAL_NULL_CONVERSION = YES;
				CLANG_WARN_OBJC_IMPLICIT_RETAIN_SELF = YES;
				CLANG_WARN_OBJC_LITERAL_CONVERSION = YES;
				CLANG_WARN_OBJC_ROOT_CLASS = YES_ERROR;
				CLANG_WARN_QUOTED_INCLUDE_IN_FRAMEWORK_HEADER = YES;
				CLANG_WARN_RANGE_LOOP_ANALYSIS = YES;
				CLANG_WARN_STRICT_PROTOTYPES = YES;
				CLANG_WARN_SUSPICIOUS_MOVE = YES;
				CLANG_WARN_UNGUARDED_AVAILABILITY = YES_AGGRESSIVE;
				CLANG_WARN_UNREACHABLE_CODE = YES;
				CLANG_WARN__DUPLICATE_METHOD_MATCH = YES;
				COPY_PHASE_STRIP = NO;
				DEBUG_INFORMATION_FORMAT = "dwarf-with-dsym";
				ENABLE_NS_ASSERTIONS = NO;
				ENABLE_STRICT_OBJC_MSGSEND = YES;
				GCC_C_LANGUAGE_STANDARD = gnu11;
				GCC_NO_COMMON_BLOCKS = YES;
				GCC_WARN_64_TO_32_BIT_CONVERSION = YES;
				GCC_WARN_ABOUT_RETURN_TYPE = YES_ERROR;
				GCC_WARN_UNDECLARED_SELECTOR = YES;
				GCC_WARN_UNINITIALIZED_AUTOS = YES_AGGRESSIVE;
				GCC_WARN_UNUSED_FUNCTION = YES;
				GCC_WARN_UNUSED_VARIABLE = YES;
				IPHONEOS_DEPLOYMENT_TARGET = 16.1;
				MTL_ENABLE_DEBUG_INFO = NO;
				MTL_FAST_MATH = YES;
				SDKROOT = iphoneos;
				SWIFT_COMPILATION_MODE = wholemodule;
				SWIFT_OPTIMIZATION_LEVEL = "-O";
				VALIDATE_PRODUCT = YES;
			};
			name = Release;
		};
		FB2E7E6C29D3DE5000D8E115 /* Debug */ = {
			isa = XCBuildConfiguration;
			buildSettings = {
				ASSETCATALOG_COMPILER_APPICON_NAME = AppIcon;
				ASSETCATALOG_COMPILER_GLOBAL_ACCENT_COLOR_NAME = AccentColor;
				CODE_SIGN_STYLE = Automatic;
				CURRENT_PROJECT_VERSION = 1;
				DEVELOPMENT_ASSET_PATHS = "\"MoonShot/Preview Content\"";
				DEVELOPMENT_TEAM = 5D66296J53;
				ENABLE_PREVIEWS = YES;
				GENERATE_INFOPLIST_FILE = YES;
				INFOPLIST_KEY_UIApplicationSceneManifest_Generation = YES;
				INFOPLIST_KEY_UIApplicationSupportsIndirectInputEvents = YES;
				INFOPLIST_KEY_UILaunchScreen_Generation = YES;
				INFOPLIST_KEY_UISupportedInterfaceOrientations_iPad = "UIInterfaceOrientationPortrait UIInterfaceOrientationPortraitUpsideDown UIInterfaceOrientationLandscapeLeft UIInterfaceOrientationLandscapeRight";
				INFOPLIST_KEY_UISupportedInterfaceOrientations_iPhone = "UIInterfaceOrientationPortrait UIInterfaceOrientationLandscapeLeft UIInterfaceOrientationLandscapeRight";
				LD_RUNPATH_SEARCH_PATHS = (
					"$(inherited)",
					"@executable_path/Frameworks",
				);
				MARKETING_VERSION = 1.0;
				PRODUCT_BUNDLE_IDENTIFIER = io.Andredev.MoonShot;
				PRODUCT_NAME = "$(TARGET_NAME)";
				SWIFT_EMIT_LOC_STRINGS = YES;
				SWIFT_VERSION = 5.0;
				TARGETED_DEVICE_FAMILY = "1,2";
			};
			name = Debug;
		};
		FB2E7E6D29D3DE5000D8E115 /* Release */ = {
			isa = XCBuildConfiguration;
			buildSettings = {
				ASSETCATALOG_COMPILER_APPICON_NAME = AppIcon;
				ASSETCATALOG_COMPILER_GLOBAL_ACCENT_COLOR_NAME = AccentColor;
				CODE_SIGN_STYLE = Automatic;
				CURRENT_PROJECT_VERSION = 1;
				DEVELOPMENT_ASSET_PATHS = "\"MoonShot/Preview Content\"";
				DEVELOPMENT_TEAM = 5D66296J53;
				ENABLE_PREVIEWS = YES;
				GENERATE_INFOPLIST_FILE = YES;
				INFOPLIST_KEY_UIApplicationSceneManifest_Generation = YES;
				INFOPLIST_KEY_UIApplicationSupportsIndirectInputEvents = YES;
				INFOPLIST_KEY_UILaunchScreen_Generation = YES;
				INFOPLIST_KEY_UISupportedInterfaceOrientations_iPad = "UIInterfaceOrientationPortrait UIInterfaceOrientationPortraitUpsideDown UIInterfaceOrientationLandscapeLeft UIInterfaceOrientationLandscapeRight";
				INFOPLIST_KEY_UISupportedInterfaceOrientations_iPhone = "UIInterfaceOrientationPortrait UIInterfaceOrientationLandscapeLeft UIInterfaceOrientationLandscapeRight";
				LD_RUNPATH_SEARCH_PATHS = (
					"$(inherited)",
					"@executable_path/Frameworks",
				);
				MARKETING_VERSION = 1.0;
				PRODUCT_BUNDLE_IDENTIFIER = io.Andredev.MoonShot;
				PRODUCT_NAME = "$(TARGET_NAME)";
				SWIFT_EMIT_LOC_STRINGS = YES;
				SWIFT_VERSION = 5.0;
				TARGETED_DEVICE_FAMILY = "1,2";
			};
			name = Release;
		};
/* End XCBuildConfiguration section */

/* Begin XCConfigurationList section */
		FB2E7E5829D3DE4E00D8E115 /* Build configuration list for PBXProject "MoonShot" */ = {
			isa = XCConfigurationList;
			buildConfigurations = (
				FB2E7E6929D3DE5000D8E115 /* Debug */,
				FB2E7E6A29D3DE5000D8E115 /* Release */,
			);
			defaultConfigurationIsVisible = 0;
			defaultConfigurationName = Release;
		};
		FB2E7E6B29D3DE5000D8E115 /* Build configuration list for PBXNativeTarget "MoonShot" */ = {
			isa = XCConfigurationList;
			buildConfigurations = (
				FB2E7E6C29D3DE5000D8E115 /* Debug */,
				FB2E7E6D29D3DE5000D8E115 /* Release */,
			);
			defaultConfigurationIsVisible = 0;
			defaultConfigurationName = Release;
		};
/* End XCConfigurationList section */
	};
	rootObject = FB2E7E5529D3DE4E00D8E115 /* Project object */;
}
