// !$*UTF8*$!
{
	archiveVersion = 1;
	classes = {
	};
	objectVersion = 56;
	objects = {

/* Begin PBXBuildFile section */
		FB0B087E2A00501900AC6F6C /* CoreDataProjectApp.swift in Sources */ = {isa = PBXBuildFile; fileRef = FB0B087D2A00501900AC6F6C /* CoreDataProjectApp.swift */; };
		FB0B08802A00501900AC6F6C /* ContentView.swift in Sources */ = {isa = PBXBuildFile; fileRef = FB0B087F2A00501900AC6F6C /* ContentView.swift */; };
		FB0B08822A00501D00AC6F6C /* Assets.xcassets in Resources */ = {isa = PBXBuildFile; fileRef = FB0B08812A00501D00AC6F6C /* Assets.xcassets */; };
		FB0B08852A00501D00AC6F6C /* Preview Assets.xcassets in Resources */ = {isa = PBXBuildFile; fileRef = FB0B08842A00501D00AC6F6C /* Preview Assets.xcassets */; };
		FB0B088F2A00526F00AC6F6C /* CoreDataProject.xcdatamodeld in Sources */ = {isa = PBXBuildFile; fileRef = FB0B088D2A00526F00AC6F6C /* CoreDataProject.xcdatamodeld */; };
		FBEC86AD2A2C5D2000795E88 /* filteredList.swift in Sources */ = {isa = PBXBuildFile; fileRef = FBEC86AC2A2C5D2000795E88 /* filteredList.swift */; };
		FBEC86B22A2C647300795E88 /* Candy+CoreDataClass.swift in Sources */ = {isa = PBXBuildFile; fileRef = FBEC86AE2A2C647300795E88 /* Candy+CoreDataClass.swift */; };
		FBEC86B32A2C647300795E88 /* Candy+CoreDataProperties.swift in Sources */ = {isa = PBXBuildFile; fileRef = FBEC86AF2A2C647300795E88 /* Candy+CoreDataProperties.swift */; };
		FBEC86B42A2C647300795E88 /* Country+CoreDataClass.swift in Sources */ = {isa = PBXBuildFile; fileRef = FBEC86B02A2C647300795E88 /* Country+CoreDataClass.swift */; };
		FBEC86B52A2C647300795E88 /* Country+CoreDataProperties.swift in Sources */ = {isa = PBXBuildFile; fileRef = FBEC86B12A2C647300795E88 /* Country+CoreDataProperties.swift */; };
		FBEC86B72A2C67BB00795E88 /* DataController.swift in Sources */ = {isa = PBXBuildFile; fileRef = FBEC86B62A2C67BB00795E88 /* DataController.swift */; };
/* End PBXBuildFile section */

/* Begin PBXFileReference section */
		FB0B087A2A00501900AC6F6C /* CoreDataProject.app */ = {isa = PBXFileReference; explicitFileType = wrapper.application; includeInIndex = 0; path = CoreDataProject.app; sourceTree = BUILT_PRODUCTS_DIR; };
		FB0B087D2A00501900AC6F6C /* CoreDataProjectApp.swift */ = {isa = PBXFileReference; lastKnownFileType = sourcecode.swift; path = CoreDataProjectApp.swift; sourceTree = "<group>"; };
		FB0B087F2A00501900AC6F6C /* ContentView.swift */ = {isa = PBXFileReference; lastKnownFileType = sourcecode.swift; path = ContentView.swift; sourceTree = "<group>"; };
		FB0B08812A00501D00AC6F6C /* Assets.xcassets */ = {isa = PBXFileReference; lastKnownFileType = folder.assetcatalog; path = Assets.xcassets; sourceTree = "<group>"; };
		FB0B08842A00501D00AC6F6C /* Preview Assets.xcassets */ = {isa = PBXFileReference; lastKnownFileType = folder.assetcatalog; path = "Preview Assets.xcassets"; sourceTree = "<group>"; };
		FB0B088E2A00526F00AC6F6C /* CoreDataProject.xcdatamodel */ = {isa = PBXFileReference; lastKnownFileType = wrapper.xcdatamodel; path = CoreDataProject.xcdatamodel; sourceTree = "<group>"; };
		FBEC86AC2A2C5D2000795E88 /* filteredList.swift */ = {isa = PBXFileReference; lastKnownFileType = sourcecode.swift; path = filteredList.swift; sourceTree = "<group>"; };
		FBEC86AE2A2C647300795E88 /* Candy+CoreDataClass.swift */ = {isa = PBXFileReference; lastKnownFileType = sourcecode.swift; path = "Candy+CoreDataClass.swift"; sourceTree = SOURCE_ROOT; };
		FBEC86AF2A2C647300795E88 /* Candy+CoreDataProperties.swift */ = {isa = PBXFileReference; lastKnownFileType = sourcecode.swift; path = "Candy+CoreDataProperties.swift"; sourceTree = SOURCE_ROOT; };
		FBEC86B02A2C647300795E88 /* Country+CoreDataClass.swift */ = {isa = PBXFileReference; lastKnownFileType = sourcecode.swift; path = "Country+CoreDataClass.swift"; sourceTree = SOURCE_ROOT; };
		FBEC86B12A2C647300795E88 /* Country+CoreDataProperties.swift */ = {isa = PBXFileReference; lastKnownFileType = sourcecode.swift; path = "Country+CoreDataProperties.swift"; sourceTree = SOURCE_ROOT; };
		FBEC86B62A2C67BB00795E88 /* DataController.swift */ = {isa = PBXFileReference; lastKnownFileType = sourcecode.swift; path = DataController.swift; sourceTree = "<group>"; };
/* End PBXFileReference section */

/* Begin PBXFrameworksBuildPhase section */
		FB0B08772A00501900AC6F6C /* Frameworks */ = {
			isa = PBXFrameworksBuildPhase;
			buildActionMask = 2147483647;
			files = (
			);
			runOnlyForDeploymentPostprocessing = 0;
		};
/* End PBXFrameworksBuildPhase section */

/* Begin PBXGroup section */
		FB0B08712A00501900AC6F6C = {
			isa = PBXGroup;
			children = (
				FB0B087C2A00501900AC6F6C /* CoreDataProject */,
				FB0B087B2A00501900AC6F6C /* Products */,
			);
			sourceTree = "<group>";
		};
		FB0B087B2A00501900AC6F6C /* Products */ = {
			isa = PBXGroup;
			children = (
				FB0B087A2A00501900AC6F6C /* CoreDataProject.app */,
			);
			name = Products;
			sourceTree = "<group>";
		};
		FB0B087C2A00501900AC6F6C /* CoreDataProject */ = {
			isa = PBXGroup;
			children = (
				FBEC86B62A2C67BB00795E88 /* DataController.swift */,
				FBEC86AE2A2C647300795E88 /* Candy+CoreDataClass.swift */,
				FBEC86AF2A2C647300795E88 /* Candy+CoreDataProperties.swift */,
				FBEC86B02A2C647300795E88 /* Country+CoreDataClass.swift */,
				FBEC86B12A2C647300795E88 /* Country+CoreDataProperties.swift */,
				FB0B088D2A00526F00AC6F6C /* CoreDataProject.xcdatamodeld */,
				FB0B087D2A00501900AC6F6C /* CoreDataProjectApp.swift */,
				FB0B087F2A00501900AC6F6C /* ContentView.swift */,
				FBEC86AC2A2C5D2000795E88 /* filteredList.swift */,
				FB0B08812A00501D00AC6F6C /* Assets.xcassets */,
				FB0B08832A00501D00AC6F6C /* Preview Content */,
			);
			path = CoreDataProject;
			sourceTree = "<group>";
		};
		FB0B08832A00501D00AC6F6C /* Preview Content */ = {
			isa = PBXGroup;
			children = (
				FB0B08842A00501D00AC6F6C /* Preview Assets.xcassets */,
			);
			path = "Preview Content";
			sourceTree = "<group>";
		};
/* End PBXGroup section */

/* Begin PBXNativeTarget section */
		FB0B08792A00501900AC6F6C /* CoreDataProject */ = {
			isa = PBXNativeTarget;
			buildConfigurationList = FB0B08882A00501D00AC6F6C /* Build configuration list for PBXNativeTarget "CoreDataProject" */;
			buildPhases = (
				FB0B08762A00501900AC6F6C /* Sources */,
				FB0B08772A00501900AC6F6C /* Frameworks */,
				FB0B08782A00501900AC6F6C /* Resources */,
			);
			buildRules = (
			);
			dependencies = (
			);
			name = CoreDataProject;
			productName = CoreDataProject;
			productReference = FB0B087A2A00501900AC6F6C /* CoreDataProject.app */;
			productType = "com.apple.product-type.application";
		};
/* End PBXNativeTarget section */

/* Begin PBXProject section */
		FB0B08722A00501900AC6F6C /* Project object */ = {
			isa = PBXProject;
			attributes = {
				BuildIndependentTargetsInParallel = 1;
				LastSwiftUpdateCheck = 1430;
				LastUpgradeCheck = 1430;
				TargetAttributes = {
					FB0B08792A00501900AC6F6C = {
						CreatedOnToolsVersion = 14.3;
					};
				};
			};
			buildConfigurationList = FB0B08752A00501900AC6F6C /* Build configuration list for PBXProject "CoreDataProject" */;
			compatibilityVersion = "Xcode 14.0";
			developmentRegion = en;
			hasScannedForEncodings = 0;
			knownRegions = (
				en,
				Base,
			);
			mainGroup = FB0B08712A00501900AC6F6C;
			productRefGroup = FB0B087B2A00501900AC6F6C /* Products */;
			projectDirPath = "";
			projectRoot = "";
			targets = (
				FB0B08792A00501900AC6F6C /* CoreDataProject */,
			);
		};
/* End PBXProject section */

/* Begin PBXResourcesBuildPhase section */
		FB0B08782A00501900AC6F6C /* Resources */ = {
			isa = PBXResourcesBuildPhase;
			buildActionMask = 2147483647;
			files = (
				FB0B08852A00501D00AC6F6C /* Preview Assets.xcassets in Resources */,
				FB0B08822A00501D00AC6F6C /* Assets.xcassets in Resources */,
			);
			runOnlyForDeploymentPostprocessing = 0;
		};
/* End PBXResourcesBuildPhase section */

/* Begin PBXSourcesBuildPhase section */
		FB0B08762A00501900AC6F6C /* Sources */ = {
			isa = PBXSourcesBuildPhase;
			buildActionMask = 2147483647;
			files = (
				FB0B08802A00501900AC6F6C /* ContentView.swift in Sources */,
				FBEC86B22A2C647300795E88 /* Candy+CoreDataClass.swift in Sources */,
				FBEC86AD2A2C5D2000795E88 /* filteredList.swift in Sources */,
				FBEC86B32A2C647300795E88 /* Candy+CoreDataProperties.swift in Sources */,
				FBEC86B72A2C67BB00795E88 /* DataController.swift in Sources */,
				FBEC86B52A2C647300795E88 /* Country+CoreDataProperties.swift in Sources */,
				FBEC86B42A2C647300795E88 /* Country+CoreDataClass.swift in Sources */,
				FB0B088F2A00526F00AC6F6C /* CoreDataProject.xcdatamodeld in Sources */,
				FB0B087E2A00501900AC6F6C /* CoreDataProjectApp.swift in Sources */,
			);
			runOnlyForDeploymentPostprocessing = 0;
		};
/* End PBXSourcesBuildPhase section */

/* Begin XCBuildConfiguration section */
		FB0B08862A00501D00AC6F6C /* Debug */ = {
			isa = XCBuildConfiguration;
			buildSettings = {
				ALWAYS_SEARCH_USER_PATHS = NO;
				CLANG_ANALYZER_NONNULL = YES;
				CLANG_ANALYZER_NUMBER_OBJECT_CONVERSION = YES_AGGRESSIVE;
				CLANG_CXX_LANGUAGE_STANDARD = "gnu++20";
				CLANG_ENABLE_MODULES = YES;
				CLANG_ENABLE_OBJC_ARC = YES;
				CLANG_ENABLE_OBJC_WEAK = YES;
				CLANG_WARN_BLOCK_CAPTURE_AUTORELEASING = YES;
				CLANG_WARN_BOOL_CONVERSION = YES;
				CLANG_WARN_COMMA = YES;
				CLANG_WARN_CONSTANT_CONVERSION = YES;
				CLANG_WARN_DEPRECATED_OBJC_IMPLEMENTATIONS = YES;
				CLANG_WARN_DIRECT_OBJC_ISA_USAGE = YES_ERROR;
				CLANG_WARN_DOCUMENTATION_COMMENTS = YES;
				CLANG_WARN_EMPTY_BODY = YES;
				CLANG_WARN_ENUM_CONVERSION = YES;
				CLANG_WARN_INFINITE_RECURSION = YES;
				CLANG_WARN_INT_CONVERSION = YES;
				CLANG_WARN_NON_LITERAL_NULL_CONVERSION = YES;
				CLANG_WARN_OBJC_IMPLICIT_RETAIN_SELF = YES;
				CLANG_WARN_OBJC_LITERAL_CONVERSION = YES;
				CLANG_WARN_OBJC_ROOT_CLASS = YES_ERROR;
				CLANG_WARN_QUOTED_INCLUDE_IN_FRAMEWORK_HEADER = YES;
				CLANG_WARN_RANGE_LOOP_ANALYSIS = YES;
				CLANG_WARN_STRICT_PROTOTYPES = YES;
				CLANG_WARN_SUSPICIOUS_MOVE = YES;
				CLANG_WARN_UNGUARDED_AVAILABILITY = YES_AGGRESSIVE;
				CLANG_WARN_UNREACHABLE_CODE = YES;
				CLANG_WARN__DUPLICATE_METHOD_MATCH = YES;
				COPY_PHASE_STRIP = NO;
				DEBUG_INFORMATION_FORMAT = dwarf;
				ENABLE_STRICT_OBJC_MSGSEND = YES;
				ENABLE_TESTABILITY = YES;
				GCC_C_LANGUAGE_STANDARD = gnu11;
				GCC_DYNAMIC_NO_PIC = NO;
				GCC_NO_COMMON_BLOCKS = YES;
				GCC_OPTIMIZATION_LEVEL = 0;
				GCC_PREPROCESSOR_DEFINITIONS = (
					"DEBUG=1",
					"$(inherited)",
				);
				GCC_WARN_64_TO_32_BIT_CONVERSION = YES;
				GCC_WARN_ABOUT_RETURN_TYPE = YES_ERROR;
				GCC_WARN_UNDECLARED_SELECTOR = YES;
				GCC_WARN_UNINITIALIZED_AUTOS = YES_AGGRESSIVE;
				GCC_WARN_UNUSED_FUNCTION = YES;
				GCC_WARN_UNUSED_VARIABLE = YES;
				IPHONEOS_DEPLOYMENT_TARGET = 16.4;
				MTL_ENABLE_DEBUG_INFO = INCLUDE_SOURCE;
				MTL_FAST_MATH = YES;
				ONLY_ACTIVE_ARCH = YES;
				SDKROOT = iphoneos;
				SWIFT_ACTIVE_COMPILATION_CONDITIONS = DEBUG;
				SWIFT_OPTIMIZATION_LEVEL = "-Onone";
			};
			name = Debug;
		};
		FB0B08872A00501D00AC6F6C /* Release */ = {
			isa = XCBuildConfiguration;
			buildSettings = {
				ALWAYS_SEARCH_USER_PATHS = NO;
				CLANG_ANALYZER_NONNULL = YES;
				CLANG_ANALYZER_NUMBER_OBJECT_CONVERSION = YES_AGGRESSIVE;
				CLANG_CXX_LANGUAGE_STANDARD = "gnu++20";
				CLANG_ENABLE_MODULES = YES;
				CLANG_ENABLE_OBJC_ARC = YES;
				CLANG_ENABLE_OBJC_WEAK = YES;
				CLANG_WARN_BLOCK_CAPTURE_AUTORELEASING = YES;
				CLANG_WARN_BOOL_CONVERSION = YES;
				CLANG_WARN_COMMA = YES;
				CLANG_WARN_CONSTANT_CONVERSION = YES;
				CLANG_WARN_DEPRECATED_OBJC_IMPLEMENTATIONS = YES;
				CLANG_WARN_DIRECT_OBJC_ISA_USAGE = YES_ERROR;
				CLANG_WARN_DOCUMENTATION_COMMENTS = YES;
				CLANG_WARN_EMPTY_BODY = YES;
				CLANG_WARN_ENUM_CONVERSION = YES;
				CLANG_WARN_INFINITE_RECURSION = YES;
				CLANG_WARN_INT_CONVERSION = YES;
				CLANG_WARN_NON_LITERAL_NULL_CONVERSION = YES;
				CLANG_WARN_OBJC_IMPLICIT_RETAIN_SELF = YES;
				CLANG_WARN_OBJC_LITERAL_CONVERSION = YES;
				CLANG_WARN_OBJC_ROOT_CLASS = YES_ERROR;
				CLANG_WARN_QUOTED_INCLUDE_IN_FRAMEWORK_HEADER = YES;
				CLANG_WARN_RANGE_LOOP_ANALYSIS = YES;
				CLANG_WARN_STRICT_PROTOTYPES = YES;
				CLANG_WARN_SUSPICIOUS_MOVE = YES;
				CLANG_WARN_UNGUARDED_AVAILABILITY = YES_AGGRESSIVE;
				CLANG_WARN_UNREACHABLE_CODE = YES;
				CLANG_WARN__DUPLICATE_METHOD_MATCH = YES;
				COPY_PHASE_STRIP = NO;
				DEBUG_INFORMATION_FORMAT = "dwarf-with-dsym";
				ENABLE_NS_ASSERTIONS = NO;
				ENABLE_STRICT_OBJC_MSGSEND = YES;
				GCC_C_LANGUAGE_STANDARD = gnu11;
				GCC_NO_COMMON_BLOCKS = YES;
				GCC_WARN_64_TO_32_BIT_CONVERSION = YES;
				GCC_WARN_ABOUT_RETURN_TYPE = YES_ERROR;
				GCC_WARN_UNDECLARED_SELECTOR = YES;
				GCC_WARN_UNINITIALIZED_AUTOS = YES_AGGRESSIVE;
				GCC_WARN_UNUSED_FUNCTION = YES;
				GCC_WARN_UNUSED_VARIABLE = YES;
				IPHONEOS_DEPLOYMENT_TARGET = 16.4;
				MTL_ENABLE_DEBUG_INFO = NO;
				MTL_FAST_MATH = YES;
				SDKROOT = iphoneos;
				SWIFT_COMPILATION_MODE = wholemodule;
				SWIFT_OPTIMIZATION_LEVEL = "-O";
				VALIDATE_PRODUCT = YES;
			};
			name = Release;
		};
		FB0B08892A00501D00AC6F6C /* Debug */ = {
			isa = XCBuildConfiguration;
			buildSettings = {
				ASSETCATALOG_COMPILER_APPICON_NAME = AppIcon;
				ASSETCATALOG_COMPILER_GLOBAL_ACCENT_COLOR_NAME = AccentColor;
				CODE_SIGN_STYLE = Automatic;
				CURRENT_PROJECT_VERSION = 1;
				DEVELOPMENT_ASSET_PATHS = "\"CoreDataProject/Preview Content\"";
				DEVELOPMENT_TEAM = 5D66296J53;
				ENABLE_PREVIEWS = YES;
				GENERATE_INFOPLIST_FILE = YES;
				INFOPLIST_KEY_UIApplicationSceneManifest_Generation = YES;
				INFOPLIST_KEY_UIApplicationSupportsIndirectInputEvents = YES;
				INFOPLIST_KEY_UILaunchScreen_Generation = YES;
				INFOPLIST_KEY_UISupportedInterfaceOrientations_iPad = "UIInterfaceOrientationPortrait UIInterfaceOrientationPortraitUpsideDown UIInterfaceOrientationLandscapeLeft UIInterfaceOrientationLandscapeRight";
				INFOPLIST_KEY_UISupportedInterfaceOrientations_iPhone = "UIInterfaceOrientationPortrait UIInterfaceOrientationLandscapeLeft UIInterfaceOrientationLandscapeRight";
				LD_RUNPATH_SEARCH_PATHS = (
					"$(inherited)",
					"@executable_path/Frameworks",
				);
				MARKETING_VERSION = 1.0;
				PRODUCT_BUNDLE_IDENTIFIER = io.Andredev.CoreDataProject;
				PRODUCT_NAME = "$(TARGET_NAME)";
				SWIFT_EMIT_LOC_STRINGS = YES;
				SWIFT_VERSION = 5.0;
				TARGETED_DEVICE_FAMILY = "1,2";
			};
			name = Debug;
		};
		FB0B088A2A00501D00AC6F6C /* Release */ = {
			isa = XCBuildConfiguration;
			buildSettings = {
				ASSETCATALOG_COMPILER_APPICON_NAME = AppIcon;
				ASSETCATALOG_COMPILER_GLOBAL_ACCENT_COLOR_NAME = AccentColor;
				CODE_SIGN_STYLE = Automatic;
				CURRENT_PROJECT_VERSION = 1;
				DEVELOPMENT_ASSET_PATHS = "\"CoreDataProject/Preview Content\"";
				DEVELOPMENT_TEAM = 5D66296J53;
				ENABLE_PREVIEWS = YES;
				GENERATE_INFOPLIST_FILE = YES;
				INFOPLIST_KEY_UIApplicationSceneManifest_Generation = YES;
				INFOPLIST_KEY_UIApplicationSupportsIndirectInputEvents = YES;
				INFOPLIST_KEY_UILaunchScreen_Generation = YES;
				INFOPLIST_KEY_UISupportedInterfaceOrientations_iPad = "UIInterfaceOrientationPortrait UIInterfaceOrientationPortraitUpsideDown UIInterfaceOrientationLandscapeLeft UIInterfaceOrientationLandscapeRight";
				INFOPLIST_KEY_UISupportedInterfaceOrientations_iPhone = "UIInterfaceOrientationPortrait UIInterfaceOrientationLandscapeLeft UIInterfaceOrientationLandscapeRight";
				LD_RUNPATH_SEARCH_PATHS = (
					"$(inherited)",
					"@executable_path/Frameworks",
				);
				MARKETING_VERSION = 1.0;
				PRODUCT_BUNDLE_IDENTIFIER = io.Andredev.CoreDataProject;
				PRODUCT_NAME = "$(TARGET_NAME)";
				SWIFT_EMIT_LOC_STRINGS = YES;
				SWIFT_VERSION = 5.0;
				TARGETED_DEVICE_FAMILY = "1,2";
			};
			name = Release;
		};
/* End XCBuildConfiguration section */

/* Begin XCConfigurationList section */
		FB0B08752A00501900AC6F6C /* Build configuration list for PBXProject "CoreDataProject" */ = {
			isa = XCConfigurationList;
			buildConfigurations = (
				FB0B08862A00501D00AC6F6C /* Debug */,
				FB0B08872A00501D00AC6F6C /* Release */,
			);
			defaultConfigurationIsVisible = 0;
			defaultConfigurationName = Release;
		};
		FB0B08882A00501D00AC6F6C /* Build configuration list for PBXNativeTarget "CoreDataProject" */ = {
			isa = XCConfigurationList;
			buildConfigurations = (
				FB0B08892A00501D00AC6F6C /* Debug */,
				FB0B088A2A00501D00AC6F6C /* Release */,
			);
			defaultConfigurationIsVisible = 0;
			defaultConfigurationName = Release;
		};
/* End XCConfigurationList section */

/* Begin XCVersionGroup section */
		FB0B088D2A00526F00AC6F6C /* CoreDataProject.xcdatamodeld */ = {
			isa = XCVersionGroup;
			children = (
				FB0B088E2A00526F00AC6F6C /* CoreDataProject.xcdatamodel */,
			);
			currentVersion = FB0B088E2A00526F00AC6F6C /* CoreDataProject.xcdatamodel */;
			path = CoreDataProject.xcdatamodeld;
			sourceTree = "<group>";
			versionGroupType = wrapper.xcdatamodel;
		};
/* End XCVersionGroup section */
	};
	rootObject = FB0B08722A00501900AC6F6C /* Project object */;
}
