// !$*UTF8*$!
{
	archiveVersion = 1;
	classes = {
	};
	objectVersion = 56;
	objects = {

/* Begin PBXBuildFile section */
		FB4BBB462A2E0C3E009EA5DF /* Model.xcdatamodeld in Sources */ = {isa = PBXBuildFile; fileRef = FB4BBB442A2E0C3E009EA5DF /* Model.xcdatamodeld */; };
		FB4BBB482A2E0C6D009EA5DF /* DataController.swift in Sources */ = {isa = PBXBuildFile; fileRef = FB4BBB472A2E0C6D009EA5DF /* DataController.swift */; };
		FB4BBB552A2E3165009EA5DF /* CachedUser+CoreDataClass.swift in Sources */ = {isa = PBXBuildFile; fileRef = FB4BBB512A2E3165009EA5DF /* CachedUser+CoreDataClass.swift */; };
		FB4BBB562A2E3165009EA5DF /* CachedUser+CoreDataProperties.swift in Sources */ = {isa = PBXBuildFile; fileRef = FB4BBB522A2E3165009EA5DF /* CachedUser+CoreDataProperties.swift */; };
		FB4BBB572A2E3165009EA5DF /* CachedFriend+CoreDataClass.swift in Sources */ = {isa = PBXBuildFile; fileRef = FB4BBB532A2E3165009EA5DF /* CachedFriend+CoreDataClass.swift */; };
		FB4BBB582A2E3165009EA5DF /* CachedFriend+CoreDataProperties.swift in Sources */ = {isa = PBXBuildFile; fileRef = FB4BBB542A2E3165009EA5DF /* CachedFriend+CoreDataProperties.swift */; };
		FBD8262E2A2CF8C40018193D /* CoreDataChallengeApp.swift in Sources */ = {isa = PBXBuildFile; fileRef = FBD8262D2A2CF8C40018193D /* CoreDataChallengeApp.swift */; };
		FBD826302A2CF8C40018193D /* ContentView.swift in Sources */ = {isa = PBXBuildFile; fileRef = FBD8262F2A2CF8C40018193D /* ContentView.swift */; };
		FBD826322A2CF8C70018193D /* Assets.xcassets in Resources */ = {isa = PBXBuildFile; fileRef = FBD826312A2CF8C70018193D /* Assets.xcassets */; };
		FBD826352A2CF8C70018193D /* Preview Assets.xcassets in Resources */ = {isa = PBXBuildFile; fileRef = FBD826342A2CF8C70018193D /* Preview Assets.xcassets */; };
		FBD8263E2A2D27910018193D /* User.swift in Sources */ = {isa = PBXBuildFile; fileRef = FBD8263D2A2D27910018193D /* User.swift */; };
		FBD826402A2D28680018193D /* Friend.swift in Sources */ = {isa = PBXBuildFile; fileRef = FBD8263F2A2D28680018193D /* Friend.swift */; };
/* End PBXBuildFile section */

/* Begin PBXFileReference section */
		FB4BBB452A2E0C3E009EA5DF /* Model.xcdatamodel */ = {isa = PBXFileReference; lastKnownFileType = wrapper.xcdatamodel; path = Model.xcdatamodel; sourceTree = "<group>"; };
		FB4BBB472A2E0C6D009EA5DF /* DataController.swift */ = {isa = PBXFileReference; lastKnownFileType = sourcecode.swift; path = DataController.swift; sourceTree = "<group>"; };
		FB4BBB512A2E3165009EA5DF /* CachedUser+CoreDataClass.swift */ = {isa = PBXFileReference; lastKnownFileType = sourcecode.swift; path = "CachedUser+CoreDataClass.swift"; sourceTree = SOURCE_ROOT; };
		FB4BBB522A2E3165009EA5DF /* CachedUser+CoreDataProperties.swift */ = {isa = PBXFileReference; lastKnownFileType = sourcecode.swift; path = "CachedUser+CoreDataProperties.swift"; sourceTree = SOURCE_ROOT; };
		FB4BBB532A2E3165009EA5DF /* CachedFriend+CoreDataClass.swift */ = {isa = PBXFileReference; lastKnownFileType = sourcecode.swift; path = "CachedFriend+CoreDataClass.swift"; sourceTree = SOURCE_ROOT; };
		FB4BBB542A2E3165009EA5DF /* CachedFriend+CoreDataProperties.swift */ = {isa = PBXFileReference; lastKnownFileType = sourcecode.swift; path = "CachedFriend+CoreDataProperties.swift"; sourceTree = SOURCE_ROOT; };
		FBD8262A2A2CF8C40018193D /* CoreDataChallenge.app */ = {isa = PBXFileReference; explicitFileType = wrapper.application; includeInIndex = 0; path = CoreDataChallenge.app; sourceTree = BUILT_PRODUCTS_DIR; };
		FBD8262D2A2CF8C40018193D /* CoreDataChallengeApp.swift */ = {isa = PBXFileReference; lastKnownFileType = sourcecode.swift; path = CoreDataChallengeApp.swift; sourceTree = "<group>"; };
		FBD8262F2A2CF8C40018193D /* ContentView.swift */ = {isa = PBXFileReference; lastKnownFileType = sourcecode.swift; path = ContentView.swift; sourceTree = "<group>"; };
		FBD826312A2CF8C70018193D /* Assets.xcassets */ = {isa = PBXFileReference; lastKnownFileType = folder.assetcatalog; path = Assets.xcassets; sourceTree = "<group>"; };
		FBD826342A2CF8C70018193D /* Preview Assets.xcassets */ = {isa = PBXFileReference; lastKnownFileType = folder.assetcatalog; path = "Preview Assets.xcassets"; sourceTree = "<group>"; };
		FBD8263D2A2D27910018193D /* User.swift */ = {isa = PBXFileReference; lastKnownFileType = sourcecode.swift; path = User.swift; sourceTree = "<group>"; };
		FBD8263F2A2D28680018193D /* Friend.swift */ = {isa = PBXFileReference; lastKnownFileType = sourcecode.swift; path = Friend.swift; sourceTree = "<group>"; };
/* End PBXFileReference section */

/* Begin PBXFrameworksBuildPhase section */
		FBD826272A2CF8C40018193D /* Frameworks */ = {
			isa = PBXFrameworksBuildPhase;
			buildActionMask = 2147483647;
			files = (
			);
			runOnlyForDeploymentPostprocessing = 0;
		};
/* End PBXFrameworksBuildPhase section */

/* Begin PBXGroup section */
		FBD826212A2CF8C40018193D = {
			isa = PBXGroup;
			children = (
				FBD8262C2A2CF8C40018193D /* CoreDataChallenge */,
				FBD8262B2A2CF8C40018193D /* Products */,
			);
			sourceTree = "<group>";
		};
		FBD8262B2A2CF8C40018193D /* Products */ = {
			isa = PBXGroup;
			children = (
				FBD8262A2A2CF8C40018193D /* CoreDataChallenge.app */,
			);
			name = Products;
			sourceTree = "<group>";
		};
		FBD8262C2A2CF8C40018193D /* CoreDataChallenge */ = {
			isa = PBXGroup;
			children = (
				FB4BBB512A2E3165009EA5DF /* CachedUser+CoreDataClass.swift */,
				FB4BBB522A2E3165009EA5DF /* CachedUser+CoreDataProperties.swift */,
				FB4BBB532A2E3165009EA5DF /* CachedFriend+CoreDataClass.swift */,
				FB4BBB542A2E3165009EA5DF /* CachedFriend+CoreDataProperties.swift */,
				FBD8262D2A2CF8C40018193D /* CoreDataChallengeApp.swift */,
				FB4BBB472A2E0C6D009EA5DF /* DataController.swift */,
				FBD8262F2A2CF8C40018193D /* ContentView.swift */,
				FB4BBB442A2E0C3E009EA5DF /* Model.xcdatamodeld */,
				FBD8263D2A2D27910018193D /* User.swift */,
				FBD8263F2A2D28680018193D /* Friend.swift */,
				FBD826312A2CF8C70018193D /* Assets.xcassets */,
				FBD826332A2CF8C70018193D /* Preview Content */,
			);
			path = CoreDataChallenge;
			sourceTree = "<group>";
		};
		FBD826332A2CF8C70018193D /* Preview Content */ = {
			isa = PBXGroup;
			children = (
				FBD826342A2CF8C70018193D /* Preview Assets.xcassets */,
			);
			path = "Preview Content";
			sourceTree = "<group>";
		};
/* End PBXGroup section */

/* Begin PBXNativeTarget section */
		FBD826292A2CF8C40018193D /* CoreDataChallenge */ = {
			isa = PBXNativeTarget;
			buildConfigurationList = FBD826382A2CF8C70018193D /* Build configuration list for PBXNativeTarget "CoreDataChallenge" */;
			buildPhases = (
				FBD826262A2CF8C40018193D /* Sources */,
				FBD826272A2CF8C40018193D /* Frameworks */,
				FBD826282A2CF8C40018193D /* Resources */,
			);
			buildRules = (
			);
			dependencies = (
			);
			name = CoreDataChallenge;
			productName = CoreDataChallenge;
			productReference = FBD8262A2A2CF8C40018193D /* CoreDataChallenge.app */;
			productType = "com.apple.product-type.application";
		};
/* End PBXNativeTarget section */

/* Begin PBXProject section */
		FBD826222A2CF8C40018193D /* Project object */ = {
			isa = PBXProject;
			attributes = {
				BuildIndependentTargetsInParallel = 1;
				LastSwiftUpdateCheck = 1430;
				LastUpgradeCheck = 1430;
				TargetAttributes = {
					FBD826292A2CF8C40018193D = {
						CreatedOnToolsVersion = 14.3;
					};
				};
			};
			buildConfigurationList = FBD826252A2CF8C40018193D /* Build configuration list for PBXProject "CoreDataChallenge" */;
			compatibilityVersion = "Xcode 14.0";
			developmentRegion = en;
			hasScannedForEncodings = 0;
			knownRegions = (
				en,
				Base,
			);
			mainGroup = FBD826212A2CF8C40018193D;
			productRefGroup = FBD8262B2A2CF8C40018193D /* Products */;
			projectDirPath = "";
			projectRoot = "";
			targets = (
				FBD826292A2CF8C40018193D /* CoreDataChallenge */,
			);
		};
/* End PBXProject section */

/* Begin PBXResourcesBuildPhase section */
		FBD826282A2CF8C40018193D /* Resources */ = {
			isa = PBXResourcesBuildPhase;
			buildActionMask = 2147483647;
			files = (
				FBD826352A2CF8C70018193D /* Preview Assets.xcassets in Resources */,
				FBD826322A2CF8C70018193D /* Assets.xcassets in Resources */,
			);
			runOnlyForDeploymentPostprocessing = 0;
		};
/* End PBXResourcesBuildPhase section */

/* Begin PBXSourcesBuildPhase section */
		FBD826262A2CF8C40018193D /* Sources */ = {
			isa = PBXSourcesBuildPhase;
			buildActionMask = 2147483647;
			files = (
				FB4BBB572A2E3165009EA5DF /* CachedFriend+CoreDataClass.swift in Sources */,
				FB4BBB582A2E3165009EA5DF /* CachedFriend+CoreDataProperties.swift in Sources */,
				FB4BBB562A2E3165009EA5DF /* CachedUser+CoreDataProperties.swift in Sources */,
				FBD826302A2CF8C40018193D /* ContentView.swift in Sources */,
				FB4BBB482A2E0C6D009EA5DF /* DataController.swift in Sources */,
				FBD8262E2A2CF8C40018193D /* CoreDataChallengeApp.swift in Sources */,
				FB4BBB462A2E0C3E009EA5DF /* Model.xcdatamodeld in Sources */,
				FBD8263E2A2D27910018193D /* User.swift in Sources */,
				FB4BBB552A2E3165009EA5DF /* CachedUser+CoreDataClass.swift in Sources */,
				FBD826402A2D28680018193D /* Friend.swift in Sources */,
			);
			runOnlyForDeploymentPostprocessing = 0;
		};
/* End PBXSourcesBuildPhase section */

/* Begin XCBuildConfiguration section */
		FBD826362A2CF8C70018193D /* Debug */ = {
			isa = XCBuildConfiguration;
			buildSettings = {
				ALWAYS_SEARCH_USER_PATHS = NO;
				CLANG_ANALYZER_NONNULL = YES;
				CLANG_ANALYZER_NUMBER_OBJECT_CONVERSION = YES_AGGRESSIVE;
				CLANG_CXX_LANGUAGE_STANDARD = "gnu++20";
				CLANG_ENABLE_MODULES = YES;
				CLANG_ENABLE_OBJC_ARC = YES;
				CLANG_ENABLE_OBJC_WEAK = YES;
				CLANG_WARN_BLOCK_CAPTURE_AUTORELEASING = YES;
				CLANG_WARN_BOOL_CONVERSION = YES;
				CLANG_WARN_COMMA = YES;
				CLANG_WARN_CONSTANT_CONVERSION = YES;
				CLANG_WARN_DEPRECATED_OBJC_IMPLEMENTATIONS = YES;
				CLANG_WARN_DIRECT_OBJC_ISA_USAGE = YES_ERROR;
				CLANG_WARN_DOCUMENTATION_COMMENTS = YES;
				CLANG_WARN_EMPTY_BODY = YES;
				CLANG_WARN_ENUM_CONVERSION = YES;
				CLANG_WARN_INFINITE_RECURSION = YES;
				CLANG_WARN_INT_CONVERSION = YES;
				CLANG_WARN_NON_LITERAL_NULL_CONVERSION = YES;
				CLANG_WARN_OBJC_IMPLICIT_RETAIN_SELF = YES;
				CLANG_WARN_OBJC_LITERAL_CONVERSION = YES;
				CLANG_WARN_OBJC_ROOT_CLASS = YES_ERROR;
				CLANG_WARN_QUOTED_INCLUDE_IN_FRAMEWORK_HEADER = YES;
				CLANG_WARN_RANGE_LOOP_ANALYSIS = YES;
				CLANG_WARN_STRICT_PROTOTYPES = YES;
				CLANG_WARN_SUSPICIOUS_MOVE = YES;
				CLANG_WARN_UNGUARDED_AVAILABILITY = YES_AGGRESSIVE;
				CLANG_WARN_UNREACHABLE_CODE = YES;
				CLANG_WARN__DUPLICATE_METHOD_MATCH = YES;
				COPY_PHASE_STRIP = NO;
				DEBUG_INFORMATION_FORMAT = dwarf;
				ENABLE_STRICT_OBJC_MSGSEND = YES;
				ENABLE_TESTABILITY = YES;
				GCC_C_LANGUAGE_STANDARD = gnu11;
				GCC_DYNAMIC_NO_PIC = NO;
				GCC_NO_COMMON_BLOCKS = YES;
				GCC_OPTIMIZATION_LEVEL = 0;
				GCC_PREPROCESSOR_DEFINITIONS = (
					"DEBUG=1",
					"$(inherited)",
				);
				GCC_WARN_64_TO_32_BIT_CONVERSION = YES;
				GCC_WARN_ABOUT_RETURN_TYPE = YES_ERROR;
				GCC_WARN_UNDECLARED_SELECTOR = YES;
				GCC_WARN_UNINITIALIZED_AUTOS = YES_AGGRESSIVE;
				GCC_WARN_UNUSED_FUNCTION = YES;
				GCC_WARN_UNUSED_VARIABLE = YES;
				IPHONEOS_DEPLOYMENT_TARGET = 16.4;
				MTL_ENABLE_DEBUG_INFO = INCLUDE_SOURCE;
				MTL_FAST_MATH = YES;
				ONLY_ACTIVE_ARCH = YES;
				SDKROOT = iphoneos;
				SWIFT_ACTIVE_COMPILATION_CONDITIONS = DEBUG;
				SWIFT_OPTIMIZATION_LEVEL = "-Onone";
			};
			name = Debug;
		};
		FBD826372A2CF8C70018193D /* Release */ = {
			isa = XCBuildConfiguration;
			buildSettings = {
				ALWAYS_SEARCH_USER_PATHS = NO;
				CLANG_ANALYZER_NONNULL = YES;
				CLANG_ANALYZER_NUMBER_OBJECT_CONVERSION = YES_AGGRESSIVE;
				CLANG_CXX_LANGUAGE_STANDARD = "gnu++20";
				CLANG_ENABLE_MODULES = YES;
				CLANG_ENABLE_OBJC_ARC = YES;
				CLANG_ENABLE_OBJC_WEAK = YES;
				CLANG_WARN_BLOCK_CAPTURE_AUTORELEASING = YES;
				CLANG_WARN_BOOL_CONVERSION = YES;
				CLANG_WARN_COMMA = YES;
				CLANG_WARN_CONSTANT_CONVERSION = YES;
				CLANG_WARN_DEPRECATED_OBJC_IMPLEMENTATIONS = YES;
				CLANG_WARN_DIRECT_OBJC_ISA_USAGE = YES_ERROR;
				CLANG_WARN_DOCUMENTATION_COMMENTS = YES;
				CLANG_WARN_EMPTY_BODY = YES;
				CLANG_WARN_ENUM_CONVERSION = YES;
				CLANG_WARN_INFINITE_RECURSION = YES;
				CLANG_WARN_INT_CONVERSION = YES;
				CLANG_WARN_NON_LITERAL_NULL_CONVERSION = YES;
				CLANG_WARN_OBJC_IMPLICIT_RETAIN_SELF = YES;
				CLANG_WARN_OBJC_LITERAL_CONVERSION = YES;
				CLANG_WARN_OBJC_ROOT_CLASS = YES_ERROR;
				CLANG_WARN_QUOTED_INCLUDE_IN_FRAMEWORK_HEADER = YES;
				CLANG_WARN_RANGE_LOOP_ANALYSIS = YES;
				CLANG_WARN_STRICT_PROTOTYPES = YES;
				CLANG_WARN_SUSPICIOUS_MOVE = YES;
				CLANG_WARN_UNGUARDED_AVAILABILITY = YES_AGGRESSIVE;
				CLANG_WARN_UNREACHABLE_CODE = YES;
				CLANG_WARN__DUPLICATE_METHOD_MATCH = YES;
				COPY_PHASE_STRIP = NO;
				DEBUG_INFORMATION_FORMAT = "dwarf-with-dsym";
				ENABLE_NS_ASSERTIONS = NO;
				ENABLE_STRICT_OBJC_MSGSEND = YES;
				GCC_C_LANGUAGE_STANDARD = gnu11;
				GCC_NO_COMMON_BLOCKS = YES;
				GCC_WARN_64_TO_32_BIT_CONVERSION = YES;
				GCC_WARN_ABOUT_RETURN_TYPE = YES_ERROR;
				GCC_WARN_UNDECLARED_SELECTOR = YES;
				GCC_WARN_UNINITIALIZED_AUTOS = YES_AGGRESSIVE;
				GCC_WARN_UNUSED_FUNCTION = YES;
				GCC_WARN_UNUSED_VARIABLE = YES;
				IPHONEOS_DEPLOYMENT_TARGET = 16.4;
				MTL_ENABLE_DEBUG_INFO = NO;
				MTL_FAST_MATH = YES;
				SDKROOT = iphoneos;
				SWIFT_COMPILATION_MODE = wholemodule;
				SWIFT_OPTIMIZATION_LEVEL = "-O";
				VALIDATE_PRODUCT = YES;
			};
			name = Release;
		};
		FBD826392A2CF8C70018193D /* Debug */ = {
			isa = XCBuildConfiguration;
			buildSettings = {
				ASSETCATALOG_COMPILER_APPICON_NAME = AppIcon;
				ASSETCATALOG_COMPILER_GLOBAL_ACCENT_COLOR_NAME = AccentColor;
				CODE_SIGN_STYLE = Automatic;
				CURRENT_PROJECT_VERSION = 1;
				DEVELOPMENT_ASSET_PATHS = "\"CoreDataChallenge/Preview Content\"";
				DEVELOPMENT_TEAM = 5D66296J53;
				ENABLE_PREVIEWS = YES;
				GENERATE_INFOPLIST_FILE = YES;
				INFOPLIST_KEY_UIApplicationSceneManifest_Generation = YES;
				INFOPLIST_KEY_UIApplicationSupportsIndirectInputEvents = YES;
				INFOPLIST_KEY_UILaunchScreen_Generation = YES;
				INFOPLIST_KEY_UISupportedInterfaceOrientations_iPad = "UIInterfaceOrientationPortrait UIInterfaceOrientationPortraitUpsideDown UIInterfaceOrientationLandscapeLeft UIInterfaceOrientationLandscapeRight";
				INFOPLIST_KEY_UISupportedInterfaceOrientations_iPhone = "UIInterfaceOrientationPortrait UIInterfaceOrientationLandscapeLeft UIInterfaceOrientationLandscapeRight";
				LD_RUNPATH_SEARCH_PATHS = (
					"$(inherited)",
					"@executable_path/Frameworks",
				);
				MARKETING_VERSION = 1.0;
				PRODUCT_BUNDLE_IDENTIFIER = io.Andredev.CoreDataChallenge;
				PRODUCT_NAME = "$(TARGET_NAME)";
				SWIFT_EMIT_LOC_STRINGS = YES;
				SWIFT_VERSION = 5.0;
				TARGETED_DEVICE_FAMILY = "1,2";
			};
			name = Debug;
		};
		FBD8263A2A2CF8C70018193D /* Release */ = {
			isa = XCBuildConfiguration;
			buildSettings = {
				ASSETCATALOG_COMPILER_APPICON_NAME = AppIcon;
				ASSETCATALOG_COMPILER_GLOBAL_ACCENT_COLOR_NAME = AccentColor;
				CODE_SIGN_STYLE = Automatic;
				CURRENT_PROJECT_VERSION = 1;
				DEVELOPMENT_ASSET_PATHS = "\"CoreDataChallenge/Preview Content\"";
				DEVELOPMENT_TEAM = 5D66296J53;
				ENABLE_PREVIEWS = YES;
				GENERATE_INFOPLIST_FILE = YES;
				INFOPLIST_KEY_UIApplicationSceneManifest_Generation = YES;
				INFOPLIST_KEY_UIApplicationSupportsIndirectInputEvents = YES;
				INFOPLIST_KEY_UILaunchScreen_Generation = YES;
				INFOPLIST_KEY_UISupportedInterfaceOrientations_iPad = "UIInterfaceOrientationPortrait UIInterfaceOrientationPortraitUpsideDown UIInterfaceOrientationLandscapeLeft UIInterfaceOrientationLandscapeRight";
				INFOPLIST_KEY_UISupportedInterfaceOrientations_iPhone = "UIInterfaceOrientationPortrait UIInterfaceOrientationLandscapeLeft UIInterfaceOrientationLandscapeRight";
				LD_RUNPATH_SEARCH_PATHS = (
					"$(inherited)",
					"@executable_path/Frameworks",
				);
				MARKETING_VERSION = 1.0;
				PRODUCT_BUNDLE_IDENTIFIER = io.Andredev.CoreDataChallenge;
				PRODUCT_NAME = "$(TARGET_NAME)";
				SWIFT_EMIT_LOC_STRINGS = YES;
				SWIFT_VERSION = 5.0;
				TARGETED_DEVICE_FAMILY = "1,2";
			};
			name = Release;
		};
/* End XCBuildConfiguration section */

/* Begin XCConfigurationList section */
		FBD826252A2CF8C40018193D /* Build configuration list for PBXProject "CoreDataChallenge" */ = {
			isa = XCConfigurationList;
			buildConfigurations = (
				FBD826362A2CF8C70018193D /* Debug */,
				FBD826372A2CF8C70018193D /* Release */,
			);
			defaultConfigurationIsVisible = 0;
			defaultConfigurationName = Release;
		};
		FBD826382A2CF8C70018193D /* Build configuration list for PBXNativeTarget "CoreDataChallenge" */ = {
			isa = XCConfigurationList;
			buildConfigurations = (
				FBD826392A2CF8C70018193D /* Debug */,
				FBD8263A2A2CF8C70018193D /* Release */,
			);
			defaultConfigurationIsVisible = 0;
			defaultConfigurationName = Release;
		};
/* End XCConfigurationList section */

/* Begin XCVersionGroup section */
		FB4BBB442A2E0C3E009EA5DF /* Model.xcdatamodeld */ = {
			isa = XCVersionGroup;
			children = (
				FB4BBB452A2E0C3E009EA5DF /* Model.xcdatamodel */,
			);
			currentVersion = FB4BBB452A2E0C3E009EA5DF /* Model.xcdatamodel */;
			path = Model.xcdatamodeld;
			sourceTree = "<group>";
			versionGroupType = wrapper.xcdatamodel;
		};
/* End XCVersionGroup section */
	};
	rootObject = FBD826222A2CF8C40018193D /* Project object */;
}
